
Microsoft Visual Studio Solution File, Format Version 12.00
# Visual Studio Version 17
VisualStudioVersion = 17.0.32112.339
MinimumVisualStudioVersion = 10.0.40219.1
Project("{9A19103F-16F7-4668-BE54-9A1E7A4F7556}") = "Kajabity.Demo", "src\Kajabity.Demo\Kajabity.Demo.csproj", "{372003DC-B7D8-4CA4-8B87-8F89CAF3DBC8}"
EndProject
Project("{9A19103F-16F7-4668-BE54-9A1E7A4F7556}") = "Kajabity.Demo.Test", "tests\Kajabity.Demo.Test\Kajabity.Demo.Test.csproj", "{E3C2B064-CDB0-4590-BB92-7DF3DE6A06AF}"
EndProject
Project("{2150E333-8FDC-42A3-9474-1A3956D46DE8}") = "Solution Items", "Solution Items", "{436D5BCB-E9C9-4B1F-AAA0-79A3BEEC0E7F}"
	ProjectSection(SolutionItems) = preProject
		.gitattributes = .gitattributes
		.gitignore = .gitignore
		appveyor.yml = appveyor.yml
		README.md = README.md
	EndProjectSection
EndProject
Global
	GlobalSection(SolutionConfigurationPlatforms) = preSolution
		Debug|Any CPU = Debug|Any CPU
		Release|Any CPU = Release|Any CPU
	EndGlobalSection
	GlobalSection(ProjectConfigurationPlatforms) = postSolution
		{372003DC-B7D8-4CA4-8B87-8F89CAF3DBC8}.Debug|Any CPU.ActiveCfg = Debug|Any CPU
		{372003DC-B7D8-4CA4-8B87-8F89CAF3DBC8}.Debug|Any CPU.Build.0 = Debug|Any CPU
		{372003DC-B7D8-4CA4-8B87-8F89CAF3DBC8}.Release|Any CPU.ActiveCfg = Release|Any CPU
		{372003DC-B7D8-4CA4-8B87-8F89CAF3DBC8}.Release|Any CPU.Build.0 = Release|Any CPU
		{E3C2B064-CDB0-4590-BB92-7DF3DE6A06AF}.Debug|Any CPU.ActiveCfg = Debug|Any CPU
		{E3C2B064-CDB0-4590-BB92-7DF3DE6A06AF}.Debug|Any CPU.Build.0 = Debug|Any CPU
		{E3C2B064-CDB0-4590-BB92-7DF3DE6A06AF}.Release|Any CPU.ActiveCfg = Release|Any CPU
		{E3C2B064-CDB0-4590-BB92-7DF3DE6A06AF}.Release|Any CPU.Build.0 = Release|Any CPU
	EndGlobalSection
	GlobalSection(SolutionProperties) = preSolution
		HideSolutionNode = FALSE
	EndGlobalSection
	GlobalSection(ExtensibilityGlobals) = postSolution
		SolutionGuid = {159F3EB8-921B-459B-A3B6-91E59496ED8F}
	EndGlobalSection
EndGlobal
